
Microsoft Visual Studio Solution File, Format Version 12.00
# Visual Studio Version 16
VisualStudioVersion = 16.0.30611.23
MinimumVisualStudioVersion = 10.0.40219.1
Project("{FAE04EC0-301F-11D3-BF4B-00C04F79EFBC}") = "CarRental", "CarRental\CarRental.csproj", "{CA8CC9E2-0DDE-4A60-9D60-F555D7A0D261}"
EndProject
Global
	GlobalSection(SolutionConfigurationPlatforms) = preSolution
		Debug|Any CPU = Debug|Any CPU
		Release|Any CPU = Release|Any CPU
	EndGlobalSection
	GlobalSection(ProjectConfigurationPlatforms) = postSolution
		{CA8CC9E2-0DDE-4A60-9D60-F555D7A0D261}.Debug|Any CPU.ActiveCfg = Debug|Any CPU
		{CA8CC9E2-0DDE-4A60-9D60-F555D7A0D261}.Debug|Any CPU.Build.0 = Debug|Any CPU
		{CA8CC9E2-0DDE-4A60-9D60-F555D7A0D261}.Release|Any CPU.ActiveCfg = Release|Any CPU
		{CA8CC9E2-0DDE-4A60-9D60-F555D7A0D261}.Release|Any CPU.Build.0 = Release|Any CPU
	EndGlobalSection
	GlobalSection(SolutionProperties) = preSolution
		HideSolutionNode = FALSE
	EndGlobalSection
	GlobalSection(ExtensibilityGlobals) = postSolution
		SolutionGuid = {8D8C7BC4-1786-4F90-9CBF-39D523F2E071}
	EndGlobalSection
EndGlobal
